PODS:
  - Flutter (1.0.0)
  - flutter_native_image (0.0.1):
    - Flutter

DEPENDENCIES:
  - Flutter (from `Pods/.symlinks/flutter/ios-release`)
  - flutter_native_image (from `Pods/.symlinks/plugins/flutter_native_image/ios`)

EXTERNAL SOURCES:
  Flutter:
    :path: Pods/.symlinks/flutter/ios-release
  flutter_native_image:
    :path: Pods/.symlinks/plugins/flutter_native_image/ios

SPEC CHECKSUMS:
  Flutter: 9d0fac939486c9aba2809b7982dfdbb47a7b0296
  flutter_native_image: 3d9f735f47bf8af7dea28056bf90c03ad4ce531b

PODFILE CHECKSUM: 0420ab312a523ae0eecfb1fc19ea51dd82cc17c7

COCOAPODS: 1.4.0
